{
  "name": "Coding",
  "lockfileVersion": 3,
  "requires": true,
  "packages": {
    "": {
      "dependencies": {
        "faiss": "^1.0.0"
      }
    },
    "node_modules/faiss": {
      "version": "1.0.0",
      "resolved": "https://registry.npmjs.org/faiss/-/faiss-1.0.0.tgz",
      "integrity": "sha512-Fu+z+ikl/kPfjFM4SyGs/F3ROUvcXf0D90xj7ZfDVvdAcnXvOdFvNF0t77s18H5dWEUa/MdP4pKuvGOI+DvE3g=="
    }
  }
}
