{
  "name": "HexAmerous",
  "lockfileVersion": 3,
  "requires": true,
  "packages": {
    "": {
      "dependencies": {
        "brew": "^0.0.8"
      }
    },
    "node_modules/brew": {
      "version": "0.0.8",
      "resolved": "https://registry.npmjs.org/brew/-/brew-0.0.8.tgz",
      "integrity": "sha512-BSTwOi8fIk8+7SbNmqhleUdjVZTewhYOqRb7zeSOk45sEx1ak6v1btoFl0WiaIbl1dsg4DFHQ4qefXpqXztMXA=="
    }
  }
}
